name: Generate package-lock.json

on:
  push:
    branches: [ "main" ]
    paths:
      - "package.json"
      - ".github/workflows/generate-package-lock.yml"
  workflow_dispatch: {}

permissions:
  contents: write

jobs:
  gen-lock:
    if: github.actor != 'github-actions[bot]'
    runs-on: ubuntu-latest

    steps:
      - name: Checkout
        uses: actions/checkout@v4
        with:
          fetch-depth: 0

      - name: Setup Node
        uses: actions/setup-node@v4
        with:
          node-version: "20"

      - name: Generate package-lock.json
        run: |
          npm install --package-lock-only --no-audit --no-fund

      - name: Commit & push if changed
        run: |
          if git diff --quiet -- package-lock.json; then
            echo "No changes in package-lock.json"
            exit 0
          fi

          git config user.name "github-actions[bot]"
          git config user.email "github-actions[bot]@users.noreply.github.com"

          git add package-lock.json
          git commit -m "chore: generate package-lock.json [skip ci]"
          git push
